
Microsoft Visual Studio Solution File, Format Version 12.00
# Visual Studio Version 17
VisualStudioVersion = 17.0.31903.59
MinimumVisualStudioVersion = 10.0.40219.1
Project("{2150E333-8FDC-42A3-9474-1A3956D46DE8}") = "Source", "Source", "{CB36289F-614E-4733-B81A-74AC5658E5CB}"
EndProject
Project("{2150E333-8FDC-42A3-9474-1A3956D46DE8}") = "DotNET", "DotNET", "{856932F6-D1D1-41CC-808B-A3741518DACC}"
EndProject
Project("{FAE04EC0-301F-11D3-BF4B-00C04F79EFBC}") = "Arc.Core", "Source\DotNET\Arc.Core\Arc.Core.csproj", "{AA6A18EA-D0F5-41C7-AF7D-1BD124022C71}"
EndProject
Project("{FAE04EC0-301F-11D3-BF4B-00C04F79EFBC}") = "Arc.Specs", "Source\DotNET\Arc.Specs\Arc.Specs.csproj", "{B692D48E-BD85-4F12-ADE3-15F3D3A1F710}"
EndProject
Project("{2150E333-8FDC-42A3-9474-1A3956D46DE8}") = "SolutionItems", "SolutionItems", "{FC67C7C1-EBC1-430E-9229-BF694CC67820}"
	ProjectSection(SolutionItems) = preProject
		Source\DotNET\Directory.Build.props = Source\DotNET\Directory.Build.props
		Directory.Packages.props = Directory.Packages.props
	EndProjectSection
EndProject
Project("{2150E333-8FDC-42A3-9474-1A3956D46DE8}") = "Tools", "Tools", "{A495F734-D1D2-453B-97BA-90FD1F95A66B}"
EndProject
Project("{FAE04EC0-301F-11D3-BF4B-00C04F79EFBC}") = "ProxyGenerator", "Source\DotNET\Tools\ProxyGenerator\ProxyGenerator.csproj", "{D25312B1-B1F7-44EA-8FBF-1910DEC9C1FA}"
EndProject
Project("{FAE04EC0-301F-11D3-BF4B-00C04F79EFBC}") = "MongoDB.Specs", "Source\DotNET\MongoDB.Specs\MongoDB.Specs.csproj", "{A9723526-B6DA-40E6-A80A-5F566892DF45}"
EndProject
Project("{FAE04EC0-301F-11D3-BF4B-00C04F79EFBC}") = "MongoDB", "Source\DotNET\MongoDB\MongoDB.csproj", "{55CA3EF1-6CF9-4226-A3C3-89B0A654A268}"
EndProject
Project("{FAE04EC0-301F-11D3-BF4B-00C04F79EFBC}") = "ProxyGenerator.Build", "Source\DotNET\Tools\ProxyGenerator.Build\ProxyGenerator.Build.csproj", "{BE230ADD-9372-479D-9912-CB1AF36ADD0A}"
EndProject
Project("{FAE04EC0-301F-11D3-BF4B-00C04F79EFBC}") = "Swagger", "Source\DotNET\Swagger\Swagger.csproj", "{60FCC3B5-C43E-48DB-B824-048CB83E3121}"
EndProject
Project("{FAE04EC0-301F-11D3-BF4B-00C04F79EFBC}") = "EntityFrameworkCore", "Source\DotNET\EntityFrameworkCore\EntityFrameworkCore.csproj", "{E90DBEC8-3D68-4B72-AA6A-8BDEEF86EF86}"
EndProject
Project("{FAE04EC0-301F-11D3-BF4B-00C04F79EFBC}") = "EntityFrameworkCore.Specs", "Source\DotNET\EntityFrameworkCore.Specs\EntityFrameworkCore.Specs.csproj", "{F91ECDB8-4D68-5B72-BA6A-9CDEEF86FF87}"
EndProject
Project("{FAE04EC0-301F-11D3-BF4B-00C04F79EFBC}") = "Chronicle", "Source\DotNET\Chronicle\Chronicle.csproj", "{E297B9F8-0AFF-42BC-BF5D-D14D2F70AB0F}"
EndProject
Project("{FAE04EC0-301F-11D3-BF4B-00C04F79EFBC}") = "Chronicle.Specs", "Source\DotNET\Chronicle.Specs\Chronicle.Specs.csproj", "{0D15CC44-1C52-49FA-AC1E-5C1F651B2FF8}"
EndProject
Project("{FAE04EC0-301F-11D3-BF4B-00C04F79EFBC}") = "ProxyGenerator.Specs", "Source\DotNET\Tools\ProxyGenerator.Specs\ProxyGenerator.Specs.csproj", "{DBB503AF-6402-4345-B38E-9CDD7E523F07}"
EndProject
Project("{FAE04EC0-301F-11D3-BF4B-00C04F79EFBC}") = "Arc", "Source\DotNET\Arc\Arc.csproj", "{E67102B9-19FA-4E6E-9F22-298AD90EDAB7}"
EndProject
Project("{FAE04EC0-301F-11D3-BF4B-00C04F79EFBC}") = "Arc.AspNetCore.Specs", "Source\DotNET\Arc.AspNetCore.Specs\Arc.AspNetCore.Specs.csproj", "{24544CA0-2B5C-4167-BE64-33A27F973260}"
EndProject
Project("{FAE04EC0-301F-11D3-BF4B-00C04F79EFBC}") = "TestConsole", "Source\DotNET\TestConsole\TestConsole.csproj", "{C3695D41-F53D-43D3-BD5D-F67DE3A6F0D9}"
EndProject
Global
	GlobalSection(SolutionConfigurationPlatforms) = preSolution
		Debug|Any CPU = Debug|Any CPU
		Debug|x64 = Debug|x64
		Debug|x86 = Debug|x86
		Release|Any CPU = Release|Any CPU
		Release|x64 = Release|x64
		Release|x86 = Release|x86
	EndGlobalSection
	GlobalSection(ProjectConfigurationPlatforms) = postSolution
		{AA6A18EA-D0F5-41C7-AF7D-1BD124022C71}.Debug|Any CPU.ActiveCfg = Debug|Any CPU
		{AA6A18EA-D0F5-41C7-AF7D-1BD124022C71}.Debug|Any CPU.Build.0 = Debug|Any CPU
		{AA6A18EA-D0F5-41C7-AF7D-1BD124022C71}.Debug|x64.ActiveCfg = Debug|Any CPU
		{AA6A18EA-D0F5-41C7-AF7D-1BD124022C71}.Debug|x64.Build.0 = Debug|Any CPU
		{AA6A18EA-D0F5-41C7-AF7D-1BD124022C71}.Debug|x86.ActiveCfg = Debug|Any CPU
		{AA6A18EA-D0F5-41C7-AF7D-1BD124022C71}.Debug|x86.Build.0 = Debug|Any CPU
		{AA6A18EA-D0F5-41C7-AF7D-1BD124022C71}.Release|Any CPU.ActiveCfg = Release|Any CPU
		{AA6A18EA-D0F5-41C7-AF7D-1BD124022C71}.Release|Any CPU.Build.0 = Release|Any CPU
		{AA6A18EA-D0F5-41C7-AF7D-1BD124022C71}.Release|x64.ActiveCfg = Release|Any CPU
		{AA6A18EA-D0F5-41C7-AF7D-1BD124022C71}.Release|x64.Build.0 = Release|Any CPU
		{AA6A18EA-D0F5-41C7-AF7D-1BD124022C71}.Release|x86.ActiveCfg = Release|Any CPU
		{AA6A18EA-D0F5-41C7-AF7D-1BD124022C71}.Release|x86.Build.0 = Release|Any CPU
		{B692D48E-BD85-4F12-ADE3-15F3D3A1F710}.Debug|Any CPU.ActiveCfg = Debug|Any CPU
		{B692D48E-BD85-4F12-ADE3-15F3D3A1F710}.Debug|Any CPU.Build.0 = Debug|Any CPU
		{B692D48E-BD85-4F12-ADE3-15F3D3A1F710}.Debug|x64.ActiveCfg = Debug|Any CPU
		{B692D48E-BD85-4F12-ADE3-15F3D3A1F710}.Debug|x64.Build.0 = Debug|Any CPU
		{B692D48E-BD85-4F12-ADE3-15F3D3A1F710}.Debug|x86.ActiveCfg = Debug|Any CPU
		{B692D48E-BD85-4F12-ADE3-15F3D3A1F710}.Debug|x86.Build.0 = Debug|Any CPU
		{B692D48E-BD85-4F12-ADE3-15F3D3A1F710}.Release|Any CPU.ActiveCfg = Release|Any CPU
		{B692D48E-BD85-4F12-ADE3-15F3D3A1F710}.Release|Any CPU.Build.0 = Release|Any CPU
		{B692D48E-BD85-4F12-ADE3-15F3D3A1F710}.Release|x64.ActiveCfg = Release|Any CPU
		{B692D48E-BD85-4F12-ADE3-15F3D3A1F710}.Release|x64.Build.0 = Release|Any CPU
		{B692D48E-BD85-4F12-ADE3-15F3D3A1F710}.Release|x86.ActiveCfg = Release|Any CPU
		{B692D48E-BD85-4F12-ADE3-15F3D3A1F710}.Release|x86.Build.0 = Release|Any CPU
		{D25312B1-B1F7-44EA-8FBF-1910DEC9C1FA}.Debug|Any CPU.ActiveCfg = Debug|Any CPU
		{D25312B1-B1F7-44EA-8FBF-1910DEC9C1FA}.Debug|Any CPU.Build.0 = Debug|Any CPU
		{D25312B1-B1F7-44EA-8FBF-1910DEC9C1FA}.Debug|x64.ActiveCfg = Debug|Any CPU
		{D25312B1-B1F7-44EA-8FBF-1910DEC9C1FA}.Debug|x64.Build.0 = Debug|Any CPU
		{D25312B1-B1F7-44EA-8FBF-1910DEC9C1FA}.Debug|x86.ActiveCfg = Debug|Any CPU
		{D25312B1-B1F7-44EA-8FBF-1910DEC9C1FA}.Debug|x86.Build.0 = Debug|Any CPU
		{D25312B1-B1F7-44EA-8FBF-1910DEC9C1FA}.Release|Any CPU.ActiveCfg = Release|Any CPU
		{D25312B1-B1F7-44EA-8FBF-1910DEC9C1FA}.Release|Any CPU.Build.0 = Release|Any CPU
		{D25312B1-B1F7-44EA-8FBF-1910DEC9C1FA}.Release|x64.ActiveCfg = Release|Any CPU
		{D25312B1-B1F7-44EA-8FBF-1910DEC9C1FA}.Release|x64.Build.0 = Release|Any CPU
		{D25312B1-B1F7-44EA-8FBF-1910DEC9C1FA}.Release|x86.ActiveCfg = Release|Any CPU
		{D25312B1-B1F7-44EA-8FBF-1910DEC9C1FA}.Release|x86.Build.0 = Release|Any CPU
		{A9723526-B6DA-40E6-A80A-5F566892DF45}.Debug|Any CPU.ActiveCfg = Debug|Any CPU
		{A9723526-B6DA-40E6-A80A-5F566892DF45}.Debug|Any CPU.Build.0 = Debug|Any CPU
		{A9723526-B6DA-40E6-A80A-5F566892DF45}.Debug|x64.ActiveCfg = Debug|Any CPU
		{A9723526-B6DA-40E6-A80A-5F566892DF45}.Debug|x64.Build.0 = Debug|Any CPU
		{A9723526-B6DA-40E6-A80A-5F566892DF45}.Debug|x86.ActiveCfg = Debug|Any CPU
		{A9723526-B6DA-40E6-A80A-5F566892DF45}.Debug|x86.Build.0 = Debug|Any CPU
		{A9723526-B6DA-40E6-A80A-5F566892DF45}.Release|Any CPU.ActiveCfg = Release|Any CPU
		{A9723526-B6DA-40E6-A80A-5F566892DF45}.Release|Any CPU.Build.0 = Release|Any CPU
		{A9723526-B6DA-40E6-A80A-5F566892DF45}.Release|x64.ActiveCfg = Release|Any CPU
		{A9723526-B6DA-40E6-A80A-5F566892DF45}.Release|x64.Build.0 = Release|Any CPU
		{A9723526-B6DA-40E6-A80A-5F566892DF45}.Release|x86.ActiveCfg = Release|Any CPU
		{A9723526-B6DA-40E6-A80A-5F566892DF45}.Release|x86.Build.0 = Release|Any CPU
		{55CA3EF1-6CF9-4226-A3C3-89B0A654A268}.Debug|Any CPU.ActiveCfg = Debug|Any CPU
		{55CA3EF1-6CF9-4226-A3C3-89B0A654A268}.Debug|Any CPU.Build.0 = Debug|Any CPU
		{55CA3EF1-6CF9-4226-A3C3-89B0A654A268}.Debug|x64.ActiveCfg = Debug|Any CPU
		{55CA3EF1-6CF9-4226-A3C3-89B0A654A268}.Debug|x64.Build.0 = Debug|Any CPU
		{55CA3EF1-6CF9-4226-A3C3-89B0A654A268}.Debug|x86.ActiveCfg = Debug|Any CPU
		{55CA3EF1-6CF9-4226-A3C3-89B0A654A268}.Debug|x86.Build.0 = Debug|Any CPU
		{55CA3EF1-6CF9-4226-A3C3-89B0A654A268}.Release|Any CPU.ActiveCfg = Release|Any CPU
		{55CA3EF1-6CF9-4226-A3C3-89B0A654A268}.Release|Any CPU.Build.0 = Release|Any CPU
		{55CA3EF1-6CF9-4226-A3C3-89B0A654A268}.Release|x64.ActiveCfg = Release|Any CPU
		{55CA3EF1-6CF9-4226-A3C3-89B0A654A268}.Release|x64.Build.0 = Release|Any CPU
		{55CA3EF1-6CF9-4226-A3C3-89B0A654A268}.Release|x86.ActiveCfg = Release|Any CPU
		{55CA3EF1-6CF9-4226-A3C3-89B0A654A268}.Release|x86.Build.0 = Release|Any CPU
		{BE230ADD-9372-479D-9912-CB1AF36ADD0A}.Debug|Any CPU.ActiveCfg = Debug|Any CPU
		{BE230ADD-9372-479D-9912-CB1AF36ADD0A}.Debug|Any CPU.Build.0 = Debug|Any CPU
		{BE230ADD-9372-479D-9912-CB1AF36ADD0A}.Debug|x64.ActiveCfg = Debug|Any CPU
		{BE230ADD-9372-479D-9912-CB1AF36ADD0A}.Debug|x64.Build.0 = Debug|Any CPU
		{BE230ADD-9372-479D-9912-CB1AF36ADD0A}.Debug|x86.ActiveCfg = Debug|Any CPU
		{BE230ADD-9372-479D-9912-CB1AF36ADD0A}.Debug|x86.Build.0 = Debug|Any CPU
		{BE230ADD-9372-479D-9912-CB1AF36ADD0A}.Release|Any CPU.ActiveCfg = Release|Any CPU
		{BE230ADD-9372-479D-9912-CB1AF36ADD0A}.Release|Any CPU.Build.0 = Release|Any CPU
		{BE230ADD-9372-479D-9912-CB1AF36ADD0A}.Release|x64.ActiveCfg = Release|Any CPU
		{BE230ADD-9372-479D-9912-CB1AF36ADD0A}.Release|x64.Build.0 = Release|Any CPU
		{BE230ADD-9372-479D-9912-CB1AF36ADD0A}.Release|x86.ActiveCfg = Release|Any CPU
		{BE230ADD-9372-479D-9912-CB1AF36ADD0A}.Release|x86.Build.0 = Release|Any CPU
		{60FCC3B5-C43E-48DB-B824-048CB83E3121}.Debug|Any CPU.ActiveCfg = Debug|Any CPU
		{60FCC3B5-C43E-48DB-B824-048CB83E3121}.Debug|Any CPU.Build.0 = Debug|Any CPU
		{60FCC3B5-C43E-48DB-B824-048CB83E3121}.Debug|x64.ActiveCfg = Debug|Any CPU
		{60FCC3B5-C43E-48DB-B824-048CB83E3121}.Debug|x64.Build.0 = Debug|Any CPU
		{60FCC3B5-C43E-48DB-B824-048CB83E3121}.Debug|x86.ActiveCfg = Debug|Any CPU
		{60FCC3B5-C43E-48DB-B824-048CB83E3121}.Debug|x86.Build.0 = Debug|Any CPU
		{60FCC3B5-C43E-48DB-B824-048CB83E3121}.Release|Any CPU.ActiveCfg = Release|Any CPU
		{60FCC3B5-C43E-48DB-B824-048CB83E3121}.Release|Any CPU.Build.0 = Release|Any CPU
		{60FCC3B5-C43E-48DB-B824-048CB83E3121}.Release|x64.ActiveCfg = Release|Any CPU
		{60FCC3B5-C43E-48DB-B824-048CB83E3121}.Release|x64.Build.0 = Release|Any CPU
		{60FCC3B5-C43E-48DB-B824-048CB83E3121}.Release|x86.ActiveCfg = Release|Any CPU
		{60FCC3B5-C43E-48DB-B824-048CB83E3121}.Release|x86.Build.0 = Release|Any CPU
		{E90DBEC8-3D68-4B72-AA6A-8BDEEF86EF86}.Debug|Any CPU.ActiveCfg = Debug|Any CPU
		{E90DBEC8-3D68-4B72-AA6A-8BDEEF86EF86}.Debug|Any CPU.Build.0 = Debug|Any CPU
		{E90DBEC8-3D68-4B72-AA6A-8BDEEF86EF86}.Debug|x64.ActiveCfg = Debug|Any CPU
		{E90DBEC8-3D68-4B72-AA6A-8BDEEF86EF86}.Debug|x64.Build.0 = Debug|Any CPU
		{E90DBEC8-3D68-4B72-AA6A-8BDEEF86EF86}.Debug|x86.ActiveCfg = Debug|Any CPU
		{E90DBEC8-3D68-4B72-AA6A-8BDEEF86EF86}.Debug|x86.Build.0 = Debug|Any CPU
		{E90DBEC8-3D68-4B72-AA6A-8BDEEF86EF86}.Release|Any CPU.ActiveCfg = Release|Any CPU
		{E90DBEC8-3D68-4B72-AA6A-8BDEEF86EF86}.Release|Any CPU.Build.0 = Release|Any CPU
		{E90DBEC8-3D68-4B72-AA6A-8BDEEF86EF86}.Release|x64.ActiveCfg = Release|Any CPU
		{E90DBEC8-3D68-4B72-AA6A-8BDEEF86EF86}.Release|x64.Build.0 = Release|Any CPU
		{E90DBEC8-3D68-4B72-AA6A-8BDEEF86EF86}.Release|x86.ActiveCfg = Release|Any CPU
		{E90DBEC8-3D68-4B72-AA6A-8BDEEF86EF86}.Release|x86.Build.0 = Release|Any CPU
		{F91ECDB8-4D68-5B72-BA6A-9CDEEF86FF87}.Debug|Any CPU.ActiveCfg = Debug|Any CPU
		{F91ECDB8-4D68-5B72-BA6A-9CDEEF86FF87}.Debug|Any CPU.Build.0 = Debug|Any CPU
		{F91ECDB8-4D68-5B72-BA6A-9CDEEF86FF87}.Debug|x64.ActiveCfg = Debug|Any CPU
		{F91ECDB8-4D68-5B72-BA6A-9CDEEF86FF87}.Debug|x64.Build.0 = Debug|Any CPU
		{F91ECDB8-4D68-5B72-BA6A-9CDEEF86FF87}.Debug|x86.ActiveCfg = Debug|Any CPU
		{F91ECDB8-4D68-5B72-BA6A-9CDEEF86FF87}.Debug|x86.Build.0 = Debug|Any CPU
		{F91ECDB8-4D68-5B72-BA6A-9CDEEF86FF87}.Release|Any CPU.ActiveCfg = Release|Any CPU
		{F91ECDB8-4D68-5B72-BA6A-9CDEEF86FF87}.Release|Any CPU.Build.0 = Release|Any CPU
		{F91ECDB8-4D68-5B72-BA6A-9CDEEF86FF87}.Release|x64.ActiveCfg = Release|Any CPU
		{F91ECDB8-4D68-5B72-BA6A-9CDEEF86FF87}.Release|x64.Build.0 = Release|Any CPU
		{F91ECDB8-4D68-5B72-BA6A-9CDEEF86FF87}.Release|x86.ActiveCfg = Release|Any CPU
		{F91ECDB8-4D68-5B72-BA6A-9CDEEF86FF87}.Release|x86.Build.0 = Release|Any CPU
		{E297B9F8-0AFF-42BC-BF5D-D14D2F70AB0F}.Debug|Any CPU.ActiveCfg = Debug|Any CPU
		{E297B9F8-0AFF-42BC-BF5D-D14D2F70AB0F}.Debug|Any CPU.Build.0 = Debug|Any CPU
		{E297B9F8-0AFF-42BC-BF5D-D14D2F70AB0F}.Debug|x64.ActiveCfg = Debug|Any CPU
		{E297B9F8-0AFF-42BC-BF5D-D14D2F70AB0F}.Debug|x64.Build.0 = Debug|Any CPU
		{E297B9F8-0AFF-42BC-BF5D-D14D2F70AB0F}.Debug|x86.ActiveCfg = Debug|Any CPU
		{E297B9F8-0AFF-42BC-BF5D-D14D2F70AB0F}.Debug|x86.Build.0 = Debug|Any CPU
		{E297B9F8-0AFF-42BC-BF5D-D14D2F70AB0F}.Release|Any CPU.ActiveCfg = Release|Any CPU
		{E297B9F8-0AFF-42BC-BF5D-D14D2F70AB0F}.Release|Any CPU.Build.0 = Release|Any CPU
		{E297B9F8-0AFF-42BC-BF5D-D14D2F70AB0F}.Release|x64.ActiveCfg = Release|Any CPU
		{E297B9F8-0AFF-42BC-BF5D-D14D2F70AB0F}.Release|x64.Build.0 = Release|Any CPU
		{E297B9F8-0AFF-42BC-BF5D-D14D2F70AB0F}.Release|x86.ActiveCfg = Release|Any CPU
		{E297B9F8-0AFF-42BC-BF5D-D14D2F70AB0F}.Release|x86.Build.0 = Release|Any CPU
		{0D15CC44-1C52-49FA-AC1E-5C1F651B2FF8}.Debug|Any CPU.ActiveCfg = Debug|Any CPU
		{0D15CC44-1C52-49FA-AC1E-5C1F651B2FF8}.Debug|Any CPU.Build.0 = Debug|Any CPU
		{0D15CC44-1C52-49FA-AC1E-5C1F651B2FF8}.Debug|x64.ActiveCfg = Debug|Any CPU
		{0D15CC44-1C52-49FA-AC1E-5C1F651B2FF8}.Debug|x64.Build.0 = Debug|Any CPU
		{0D15CC44-1C52-49FA-AC1E-5C1F651B2FF8}.Debug|x86.ActiveCfg = Debug|Any CPU
		{0D15CC44-1C52-49FA-AC1E-5C1F651B2FF8}.Debug|x86.Build.0 = Debug|Any CPU
		{0D15CC44-1C52-49FA-AC1E-5C1F651B2FF8}.Release|Any CPU.ActiveCfg = Release|Any CPU
		{0D15CC44-1C52-49FA-AC1E-5C1F651B2FF8}.Release|Any CPU.Build.0 = Release|Any CPU
		{0D15CC44-1C52-49FA-AC1E-5C1F651B2FF8}.Release|x64.ActiveCfg = Release|Any CPU
		{0D15CC44-1C52-49FA-AC1E-5C1F651B2FF8}.Release|x64.Build.0 = Release|Any CPU
		{0D15CC44-1C52-49FA-AC1E-5C1F651B2FF8}.Release|x86.ActiveCfg = Release|Any CPU
		{0D15CC44-1C52-49FA-AC1E-5C1F651B2FF8}.Release|x86.Build.0 = Release|Any CPU
		{DBB503AF-6402-4345-B38E-9CDD7E523F07}.Debug|Any CPU.ActiveCfg = Debug|Any CPU
		{DBB503AF-6402-4345-B38E-9CDD7E523F07}.Debug|Any CPU.Build.0 = Debug|Any CPU
		{DBB503AF-6402-4345-B38E-9CDD7E523F07}.Debug|x64.ActiveCfg = Debug|Any CPU
		{DBB503AF-6402-4345-B38E-9CDD7E523F07}.Debug|x64.Build.0 = Debug|Any CPU
		{DBB503AF-6402-4345-B38E-9CDD7E523F07}.Debug|x86.ActiveCfg = Debug|Any CPU
		{DBB503AF-6402-4345-B38E-9CDD7E523F07}.Debug|x86.Build.0 = Debug|Any CPU
		{DBB503AF-6402-4345-B38E-9CDD7E523F07}.Release|Any CPU.ActiveCfg = Release|Any CPU
		{DBB503AF-6402-4345-B38E-9CDD7E523F07}.Release|Any CPU.Build.0 = Release|Any CPU
		{DBB503AF-6402-4345-B38E-9CDD7E523F07}.Release|x64.ActiveCfg = Release|Any CPU
		{DBB503AF-6402-4345-B38E-9CDD7E523F07}.Release|x64.Build.0 = Release|Any CPU
		{DBB503AF-6402-4345-B38E-9CDD7E523F07}.Release|x86.ActiveCfg = Release|Any CPU
		{DBB503AF-6402-4345-B38E-9CDD7E523F07}.Release|x86.Build.0 = Release|Any CPU
		{E67102B9-19FA-4E6E-9F22-298AD90EDAB7}.Debug|Any CPU.ActiveCfg = Debug|Any CPU
		{E67102B9-19FA-4E6E-9F22-298AD90EDAB7}.Debug|Any CPU.Build.0 = Debug|Any CPU
		{E67102B9-19FA-4E6E-9F22-298AD90EDAB7}.Debug|x64.ActiveCfg = Debug|Any CPU
		{E67102B9-19FA-4E6E-9F22-298AD90EDAB7}.Debug|x64.Build.0 = Debug|Any CPU
		{E67102B9-19FA-4E6E-9F22-298AD90EDAB7}.Debug|x86.ActiveCfg = Debug|Any CPU
		{E67102B9-19FA-4E6E-9F22-298AD90EDAB7}.Debug|x86.Build.0 = Debug|Any CPU
		{E67102B9-19FA-4E6E-9F22-298AD90EDAB7}.Release|Any CPU.ActiveCfg = Release|Any CPU
		{E67102B9-19FA-4E6E-9F22-298AD90EDAB7}.Release|Any CPU.Build.0 = Release|Any CPU
		{E67102B9-19FA-4E6E-9F22-298AD90EDAB7}.Release|x64.ActiveCfg = Release|Any CPU
		{E67102B9-19FA-4E6E-9F22-298AD90EDAB7}.Release|x64.Build.0 = Release|Any CPU
		{E67102B9-19FA-4E6E-9F22-298AD90EDAB7}.Release|x86.ActiveCfg = Release|Any CPU
		{E67102B9-19FA-4E6E-9F22-298AD90EDAB7}.Release|x86.Build.0 = Release|Any CPU
		{24544CA0-2B5C-4167-BE64-33A27F973260}.Debug|Any CPU.ActiveCfg = Debug|Any CPU
		{24544CA0-2B5C-4167-BE64-33A27F973260}.Debug|Any CPU.Build.0 = Debug|Any CPU
		{24544CA0-2B5C-4167-BE64-33A27F973260}.Debug|x64.ActiveCfg = Debug|Any CPU
		{24544CA0-2B5C-4167-BE64-33A27F973260}.Debug|x64.Build.0 = Debug|Any CPU
		{24544CA0-2B5C-4167-BE64-33A27F973260}.Debug|x86.ActiveCfg = Debug|Any CPU
		{24544CA0-2B5C-4167-BE64-33A27F973260}.Debug|x86.Build.0 = Debug|Any CPU
		{24544CA0-2B5C-4167-BE64-33A27F973260}.Release|Any CPU.ActiveCfg = Release|Any CPU
		{24544CA0-2B5C-4167-BE64-33A27F973260}.Release|Any CPU.Build.0 = Release|Any CPU
		{24544CA0-2B5C-4167-BE64-33A27F973260}.Release|x64.ActiveCfg = Release|Any CPU
		{24544CA0-2B5C-4167-BE64-33A27F973260}.Release|x64.Build.0 = Release|Any CPU
		{24544CA0-2B5C-4167-BE64-33A27F973260}.Release|x86.ActiveCfg = Release|Any CPU
		{24544CA0-2B5C-4167-BE64-33A27F973260}.Release|x86.Build.0 = Release|Any CPU
		{C3695D41-F53D-43D3-BD5D-F67DE3A6F0D9}.Debug|Any CPU.ActiveCfg = Debug|Any CPU
		{C3695D41-F53D-43D3-BD5D-F67DE3A6F0D9}.Debug|Any CPU.Build.0 = Debug|Any CPU
		{C3695D41-F53D-43D3-BD5D-F67DE3A6F0D9}.Debug|x64.ActiveCfg = Debug|Any CPU
		{C3695D41-F53D-43D3-BD5D-F67DE3A6F0D9}.Debug|x64.Build.0 = Debug|Any CPU
		{C3695D41-F53D-43D3-BD5D-F67DE3A6F0D9}.Debug|x86.ActiveCfg = Debug|Any CPU
		{C3695D41-F53D-43D3-BD5D-F67DE3A6F0D9}.Debug|x86.Build.0 = Debug|Any CPU
		{C3695D41-F53D-43D3-BD5D-F67DE3A6F0D9}.Release|Any CPU.ActiveCfg = Release|Any CPU
		{C3695D41-F53D-43D3-BD5D-F67DE3A6F0D9}.Release|Any CPU.Build.0 = Release|Any CPU
		{C3695D41-F53D-43D3-BD5D-F67DE3A6F0D9}.Release|x64.ActiveCfg = Release|Any CPU
		{C3695D41-F53D-43D3-BD5D-F67DE3A6F0D9}.Release|x64.Build.0 = Release|Any CPU
		{C3695D41-F53D-43D3-BD5D-F67DE3A6F0D9}.Release|x86.ActiveCfg = Release|Any CPU
		{C3695D41-F53D-43D3-BD5D-F67DE3A6F0D9}.Release|x86.Build.0 = Release|Any CPU
	EndGlobalSection
	GlobalSection(SolutionProperties) = preSolution
		HideSolutionNode = FALSE
	EndGlobalSection
	GlobalSection(NestedProjects) = preSolution
		{856932F6-D1D1-41CC-808B-A3741518DACC} = {CB36289F-614E-4733-B81A-74AC5658E5CB}
		{AA6A18EA-D0F5-41C7-AF7D-1BD124022C71} = {856932F6-D1D1-41CC-808B-A3741518DACC}
		{FC67C7C1-EBC1-430E-9229-BF694CC67820} = {CB36289F-614E-4733-B81A-74AC5658E5CB}
		{A495F734-D1D2-453B-97BA-90FD1F95A66B} = {856932F6-D1D1-41CC-808B-A3741518DACC}
		{D25312B1-B1F7-44EA-8FBF-1910DEC9C1FA} = {A495F734-D1D2-453B-97BA-90FD1F95A66B}
		{55CA3EF1-6CF9-4226-A3C3-89B0A654A268} = {856932F6-D1D1-41CC-808B-A3741518DACC}
		{BE230ADD-9372-479D-9912-CB1AF36ADD0A} = {A495F734-D1D2-453B-97BA-90FD1F95A66B}
		{60FCC3B5-C43E-48DB-B824-048CB83E3121} = {856932F6-D1D1-41CC-808B-A3741518DACC}
		{E90DBEC8-3D68-4B72-AA6A-8BDEEF86EF86} = {856932F6-D1D1-41CC-808B-A3741518DACC}
		{F91ECDB8-4D68-5B72-BA6A-9CDEEF86FF87} = {856932F6-D1D1-41CC-808B-A3741518DACC}
		{E297B9F8-0AFF-42BC-BF5D-D14D2F70AB0F} = {856932F6-D1D1-41CC-808B-A3741518DACC}
		{0D15CC44-1C52-49FA-AC1E-5C1F651B2FF8} = {856932F6-D1D1-41CC-808B-A3741518DACC}
		{DBB503AF-6402-4345-B38E-9CDD7E523F07} = {A495F734-D1D2-453B-97BA-90FD1F95A66B}
		{E67102B9-19FA-4E6E-9F22-298AD90EDAB7} = {856932F6-D1D1-41CC-808B-A3741518DACC}
		{24544CA0-2B5C-4167-BE64-33A27F973260} = {856932F6-D1D1-41CC-808B-A3741518DACC}
		{C3695D41-F53D-43D3-BD5D-F67DE3A6F0D9} = {856932F6-D1D1-41CC-808B-A3741518DACC}
	EndGlobalSection
EndGlobal
